
Microsoft Visual Studio Solution File, Format Version 12.00
# Visual Studio Version 16
VisualStudioVersion = 16.0.30711.63
MinimumVisualStudioVersion = 10.0.40219.1
Project("{9A19103F-16F7-4668-BE54-9A1E7A4F7556}") = "RI.DesktopServices.Common", "RI.DesktopServices.Common\RI.DesktopServices.Common.csproj", "{FC32F8DA-8855-45EA-8BFD-660F5E3042AA}"
EndProject
Project("{9A19103F-16F7-4668-BE54-9A1E7A4F7556}") = "RI.DesktopServices.Wpf", "RI.DesktopServices.Wpf\RI.DesktopServices.Wpf.csproj", "{95D5FDCA-CDB4-4282-9CC6-9997E3611D71}"
EndProject
Project("{FAE04EC0-301F-11D3-BF4B-00C04F79EFBC}") = "RI.DesktopServices.Windows", "RI.DesktopServices.Windows\RI.DesktopServices.Windows.csproj", "{B9344B17-9534-4324-A735-899DE3245638}"
EndProject
Project("{2150E333-8FDC-42A3-9474-1A3956D46DE8}") = "Solution Items", "Solution Items", "{77DA8768-A439-44F3-8992-427BCEA14320}"
	ProjectSection(SolutionItems) = preProject
		.editorconfig = .editorconfig
	EndProjectSection
EndProject
Project("{7CF6DF6D-3B04-46F8-A40B-537D21BCA0B4}") = "RI.DesktopServices.Documentation", "RI.DesktopServices.Documentation\RI.DesktopServices.Documentation.shfbproj", "{8BD7C67A-8B30-46A6-AFE7-FE768C9EAE06}"
EndProject
Global
	GlobalSection(SolutionConfigurationPlatforms) = preSolution
		Debug|Any CPU = Debug|Any CPU
		Release|Any CPU = Release|Any CPU
	EndGlobalSection
	GlobalSection(ProjectConfigurationPlatforms) = postSolution
		{FC32F8DA-8855-45EA-8BFD-660F5E3042AA}.Debug|Any CPU.ActiveCfg = Debug|Any CPU
		{FC32F8DA-8855-45EA-8BFD-660F5E3042AA}.Debug|Any CPU.Build.0 = Debug|Any CPU
		{FC32F8DA-8855-45EA-8BFD-660F5E3042AA}.Release|Any CPU.ActiveCfg = Release|Any CPU
		{FC32F8DA-8855-45EA-8BFD-660F5E3042AA}.Release|Any CPU.Build.0 = Release|Any CPU
		{95D5FDCA-CDB4-4282-9CC6-9997E3611D71}.Debug|Any CPU.ActiveCfg = Debug|Any CPU
		{95D5FDCA-CDB4-4282-9CC6-9997E3611D71}.Debug|Any CPU.Build.0 = Debug|Any CPU
		{95D5FDCA-CDB4-4282-9CC6-9997E3611D71}.Release|Any CPU.ActiveCfg = Release|Any CPU
		{95D5FDCA-CDB4-4282-9CC6-9997E3611D71}.Release|Any CPU.Build.0 = Release|Any CPU
		{B9344B17-9534-4324-A735-899DE3245638}.Debug|Any CPU.ActiveCfg = Debug|Any CPU
		{B9344B17-9534-4324-A735-899DE3245638}.Debug|Any CPU.Build.0 = Debug|Any CPU
		{B9344B17-9534-4324-A735-899DE3245638}.Release|Any CPU.ActiveCfg = Release|Any CPU
		{B9344B17-9534-4324-A735-899DE3245638}.Release|Any CPU.Build.0 = Release|Any CPU
		{8BD7C67A-8B30-46A6-AFE7-FE768C9EAE06}.Debug|Any CPU.ActiveCfg = Debug|Any CPU
		{8BD7C67A-8B30-46A6-AFE7-FE768C9EAE06}.Debug|Any CPU.Build.0 = Debug|Any CPU
		{8BD7C67A-8B30-46A6-AFE7-FE768C9EAE06}.Release|Any CPU.ActiveCfg = Release|Any CPU
		{8BD7C67A-8B30-46A6-AFE7-FE768C9EAE06}.Release|Any CPU.Build.0 = Release|Any CPU
	EndGlobalSection
	GlobalSection(SolutionProperties) = preSolution
		HideSolutionNode = FALSE
	EndGlobalSection
	GlobalSection(ExtensibilityGlobals) = postSolution
		SolutionGuid = {8A134447-F16C-475C-A4BE-83FC2C007CBD}
	EndGlobalSection
EndGlobal
